
Microsoft Visual Studio Solution File, Format Version 12.00
# Visual Studio Version 17
VisualStudioVersion = 17.5.002.0
MinimumVisualStudioVersion = 10.0.40219.1
Project("{9A19103F-16F7-4668-BE54-9A1E7A4F7556}") = "DroneUI", "DroneUI.csproj", "{4EFE13C1-E2A9-41A9-8325-3B892FED3FE7}"
EndProject
Global
	GlobalSection(SolutionConfigurationPlatforms) = preSolution
		Debug|Any CPU = Debug|Any CPU
		Release|Any CPU = Release|Any CPU
	EndGlobalSection
	GlobalSection(ProjectConfigurationPlatforms) = postSolution
		{4EFE13C1-E2A9-41A9-8325-3B892FED3FE7}.Debug|Any CPU.ActiveCfg = Debug|Any CPU
		{4EFE13C1-E2A9-41A9-8325-3B892FED3FE7}.Debug|Any CPU.Build.0 = Debug|Any CPU
		{4EFE13C1-E2A9-41A9-8325-3B892FED3FE7}.Release|Any CPU.ActiveCfg = Release|Any CPU
		{4EFE13C1-E2A9-41A9-8325-3B892FED3FE7}.Release|Any CPU.Build.0 = Release|Any CPU
	EndGlobalSection
	GlobalSection(SolutionProperties) = preSolution
		HideSolutionNode = FALSE
	EndGlobalSection
	GlobalSection(ExtensibilityGlobals) = postSolution
		SolutionGuid = {653A7122-D0AA-4FC3-AC95-46FBB2CAF4F4}
	EndGlobalSection
EndGlobal
